// !$*UTF8*$!
{
	archiveVersion = 1;
	classes = {
	};
	objectVersion = 46;
	objects = {

/* Begin PBXBuildFile section */
		93C083191D3B8C530077A81C /* Assets.xcassets in Resources */ = {isa = PBXBuildFile; fileRef = 93C0830B1D3B8C530077A81C /* Assets.xcassets */; };
		93C0831A1D3B8C530077A81C /* Assets.xcassets in Resources */ = {isa = PBXBuildFile; fileRef = 93C0830B1D3B8C530077A81C /* Assets.xcassets */; };
		93C0831B1D3B8C530077A81C /* LaunchScreen.storyboard in Resources */ = {isa = PBXBuildFile; fileRef = 93C0830C1D3B8C530077A81C /* LaunchScreen.storyboard */; };
		93C0831C1D3B8C530077A81C /* LaunchScreen.storyboard in Resources */ = {isa = PBXBuildFile; fileRef = 93C0830C1D3B8C530077A81C /* LaunchScreen.storyboard */; };
		93C0831F1D3B8C530077A81C /* AppDelegate.m in Sources */ = {isa = PBXBuildFile; fileRef = 93C083121D3B8C530077A81C /* AppDelegate.m */; };
		93C083201D3B8C530077A81C /* AppDelegate.m in Sources */ = {isa = PBXBuildFile; fileRef = 93C083121D3B8C530077A81C /* AppDelegate.m */; };
		93C083341D3B8CEB0077A81C /* Info.plist in Resources */ = {isa = PBXBuildFile; fileRef = 93C083311D3B8CEB0077A81C /* Info.plist */; };
		93C083351D3B8CEB0077A81C /* main.m in Sources */ = {isa = PBXBuildFile; fileRef = 93C083321D3B8CEB0077A81C /* main.m */; };
		93C083361D3B8CEB0077A81C /* main.m in Sources */ = {isa = PBXBuildFile; fileRef = 93C083321D3B8CEB0077A81C /* main.m */; };
		93C083381D3BCE080077A81C /* iOS Study Plan.txt in Resources */ = {isa = PBXBuildFile; fileRef = 93C083371D3BCE080077A81C /* iOS Study Plan.txt */; };
		93C083391D3BCE080077A81C /* iOS Study Plan.txt in Resources */ = {isa = PBXBuildFile; fileRef = 93C083371D3BCE080077A81C /* iOS Study Plan.txt */; };
		93C083571D3E2C260077A81C /* Info.plist in Resources */ = {isa = PBXBuildFile; fileRef = 93C0834F1D3E2C260077A81C /* Info.plist */; };
		93C083581D3E2C260077A81C /* Info.plist in Resources */ = {isa = PBXBuildFile; fileRef = 93C083511D3E2C260077A81C /* Info.plist */; };
		93C083591D3E2C260077A81C /* Info.plist in Resources */ = {isa = PBXBuildFile; fileRef = 93C083531D3E2C260077A81C /* Info.plist */; };
		93C0835A1D3E2C260077A81C /* main.m in Sources */ = {isa = PBXBuildFile; fileRef = 93C083541D3E2C260077A81C /* main.m */; };
		93C0835B1D3E2C260077A81C /* IOS_ProjectUITests.m in Sources */ = {isa = PBXBuildFile; fileRef = 93C083551D3E2C260077A81C /* IOS_ProjectUITests.m */; };
		93C0835C1D3E2C260077A81C /* IOS_ProjectUITests.m in Sources */ = {isa = PBXBuildFile; fileRef = 93C083561D3E2C260077A81C /* IOS_ProjectUITests.m */; };
		CA6D3A3EF1202DF886F6E1C1 /* libPods-IOS ProjectUITests.a in Frameworks */ = {isa = PBXBuildFile; fileRef = 2125929F3A0FB4C127DD4407 /* libPods-IOS ProjectUITests.a */; };
/* End PBXBuildFile section */

/* Begin PBXContainerItemProxy section */
		93ABC0A11D3B884B00FC420F /* PBXContainerItemProxy */ = {
			isa = PBXContainerItemProxy;
			containerPortal = 93ABC07F1D3B884A00FC420F /* Project object */;
			proxyType = 1;
			remoteGlobalIDString = 93ABC0861D3B884A00FC420F;
			remoteInfo = "IOS Project";
		};
/* End PBXContainerItemProxy section */

/* Begin PBXFileReference section */
		2125929F3A0FB4C127DD4407 /* libPods-IOS ProjectUITests.a */ = {isa = PBXFileReference; explicitFileType = archive.ar; includeInIndex = 0; path = "libPods-IOS ProjectUITests.a"; sourceTree = BUILT_PRODUCTS_DIR; };
		48AC3A1FA5B78FE56F5B9DC5 /* Pods-IOS ProjectUITests.release.xcconfig */ = {isa = PBXFileReference; includeInIndex = 1; lastKnownFileType = text.xcconfig; name = "Pods-IOS ProjectUITests.release.xcconfig"; path = "Pods/Target Support Files/Pods-IOS ProjectUITests/Pods-IOS ProjectUITests.release.xcconfig"; sourceTree = "<group>"; };
		93ABC0871D3B884A00FC420F /* IOS Project.app */ = {isa = PBXFileReference; explicitFileType = wrapper.application; includeInIndex = 0; path = "IOS Project.app"; sourceTree = BUILT_PRODUCTS_DIR; };
		93ABC0A01D3B884B00FC420F /* IOS ProjectUITests.xctest */ = {isa = PBXFileReference; explicitFileType = wrapper.cfbundle; includeInIndex = 0; path = "IOS ProjectUITests.xctest"; sourceTree = BUILT_PRODUCTS_DIR; };
		93C0830B1D3B8C530077A81C /* Assets.xcassets */ = {isa = PBXFileReference; lastKnownFileType = folder.assetcatalog; path = Assets.xcassets; sourceTree = "<group>"; };
		93C0830D1D3B8C530077A81C /* Base */ = {isa = PBXFileReference; lastKnownFileType = file.storyboard; name = Base; path = Base.lproj/LaunchScreen.storyboard; sourceTree = "<group>"; };
		93C083111D3B8C530077A81C /* AppDelegate.h */ = {isa = PBXFileReference; fileEncoding = 4; lastKnownFileType = sourcecode.c.h; path = AppDelegate.h; sourceTree = "<group>"; };
		93C083121D3B8C530077A81C /* AppDelegate.m */ = {isa = PBXFileReference; fileEncoding = 4; lastKnownFileType = sourcecode.c.objc; path = AppDelegate.m; sourceTree = "<group>"; };
		93C083311D3B8CEB0077A81C /* Info.plist */ = {isa = PBXFileReference; fileEncoding = 4; lastKnownFileType = text.plist.xml; path = Info.plist; sourceTree = "<group>"; };
		93C083321D3B8CEB0077A81C /* main.m */ = {isa = PBXFileReference; fileEncoding = 4; lastKnownFileType = sourcecode.c.objc; path = main.m; sourceTree = "<group>"; };
		93C083371D3BCE080077A81C /* iOS Study Plan.txt */ = {isa = PBXFileReference; fileEncoding = 4; lastKnownFileType = text; path = "iOS Study Plan.txt"; sourceTree = "<group>"; };
		93C0834F1D3E2C260077A81C /* Info.plist */ = {isa = PBXFileReference; fileEncoding = 4; lastKnownFileType = text.plist.xml; path = Info.plist; sourceTree = "<group>"; };
		93C083511D3E2C260077A81C /* Info.plist */ = {isa = PBXFileReference; fileEncoding = 4; lastKnownFileType = text.plist.xml; path = Info.plist; sourceTree = "<group>"; };
		93C083531D3E2C260077A81C /* Info.plist */ = {isa = PBXFileReference; fileEncoding = 4; lastKnownFileType = text.plist.xml; path = Info.plist; sourceTree = "<group>"; };
		93C083541D3E2C260077A81C /* main.m */ = {isa = PBXFileReference; fileEncoding = 4; lastKnownFileType = sourcecode.c.objc; path = main.m; sourceTree = "<group>"; };
		93C083551D3E2C260077A81C /* IOS_ProjectUITests.m */ = {isa = PBXFileReference; fileEncoding = 4; lastKnownFileType = sourcecode.c.objc; path = IOS_ProjectUITests.m; sourceTree = "<group>"; };
		93C083561D3E2C260077A81C /* IOS_ProjectUITests.m */ = {isa = PBXFileReference; fileEncoding = 4; lastKnownFileType = sourcecode.c.objc; path = IOS_ProjectUITests.m; sourceTree = "<group>"; };
		AD0BAE58EE4433313BBE3187 /* Pods-IOS ProjectUITests.debug.xcconfig */ = {isa = PBXFileReference; includeInIndex = 1; lastKnownFileType = text.xcconfig; name = "Pods-IOS ProjectUITests.debug.xcconfig"; path = "Pods/Target Support Files/Pods-IOS ProjectUITests/Pods-IOS ProjectUITests.debug.xcconfig"; sourceTree = "<group>"; };
/* End PBXFileReference section */

/* Begin PBXFrameworksBuildPhase section */
		93ABC0841D3B884A00FC420F /* Frameworks */ = {
			isa = PBXFrameworksBuildPhase;
			buildActionMask = 2147483647;
			files = (
			);
			runOnlyForDeploymentPostprocessing = 0;
		};
		93ABC09D1D3B884B00FC420F /* Frameworks */ = {
			isa = PBXFrameworksBuildPhase;
			buildActionMask = 2147483647;
			files = (
				CA6D3A3EF1202DF886F6E1C1 /* libPods-IOS ProjectUITests.a in Frameworks */,
			);
			runOnlyForDeploymentPostprocessing = 0;
		};
/* End PBXFrameworksBuildPhase section */

/* Begin PBXGroup section */
		766F132221F81562CF4CAD0C /* Frameworks */ = {
			isa = PBXGroup;
			children = (
				2125929F3A0FB4C127DD4407 /* libPods-IOS ProjectUITests.a */,
			);
			name = Frameworks;
			sourceTree = "<group>";
		};
		80E1645A6CAB9E7E963F32D0 /* Pods */ = {
			isa = PBXGroup;
			children = (
				AD0BAE58EE4433313BBE3187 /* Pods-IOS ProjectUITests.debug.xcconfig */,
				48AC3A1FA5B78FE56F5B9DC5 /* Pods-IOS ProjectUITests.release.xcconfig */,
			);
			name = Pods;
			sourceTree = "<group>";
		};
		93ABC07E1D3B884A00FC420F = {
			isa = PBXGroup;
			children = (
				93C083371D3BCE080077A81C /* iOS Study Plan.txt */,
				93C083101D3B8C530077A81C /* Sourse */,
				93C0830A1D3B8C530077A81C /* Resourses */,
				93C0834E1D3E2C260077A81C /* IOS ProjectUITests */,
				93C083301D3B8CEB0077A81C /* IOS Project */,
				93C083231D3B8C650077A81C /* Other */,
			);
			sourceTree = "<group>";
		};
		93ABC0881D3B884A00FC420F /* Products */ = {
			isa = PBXGroup;
			children = (
				93ABC0871D3B884A00FC420F /* IOS Project.app */,
				93ABC0A01D3B884B00FC420F /* IOS ProjectUITests.xctest */,
			);
			name = Products;
			sourceTree = "<group>";
		};
		93C0830A1D3B8C530077A81C /* Resourses */ = {
			isa = PBXGroup;
			children = (
				93C0830B1D3B8C530077A81C /* Assets.xcassets */,
				93C0830C1D3B8C530077A81C /* LaunchScreen.storyboard */,
			);
			path = Resourses;
			sourceTree = "<group>";
		};
		93C083101D3B8C530077A81C /* Sourse */ = {
			isa = PBXGroup;
			children = (
				93C083111D3B8C530077A81C /* AppDelegate.h */,
				93C083121D3B8C530077A81C /* AppDelegate.m */,
			);
			path = Sourse;
			sourceTree = "<group>";
		};
		93C083231D3B8C650077A81C /* Other */ = {
			isa = PBXGroup;
			children = (
				93ABC0881D3B884A00FC420F /* Products */,
				80E1645A6CAB9E7E963F32D0 /* Pods */,
				766F132221F81562CF4CAD0C /* Frameworks */,
			);
			name = Other;
			sourceTree = "<group>";
		};
		93C083301D3B8CEB0077A81C /* IOS Project */ = {
			isa = PBXGroup;
			children = (
				93C083311D3B8CEB0077A81C /* Info.plist */,
				93C083321D3B8CEB0077A81C /* main.m */,
			);
			path = "IOS Project";
			sourceTree = "<group>";
		};
		93C0834E1D3E2C260077A81C /* IOS ProjectUITests */ = {
			isa = PBXGroup;
			children = (
				93C0834F1D3E2C260077A81C /* Info.plist */,
				93C083501D3E2C260077A81C /* IOS ProjectUITests */,
				93C083561D3E2C260077A81C /* IOS_ProjectUITests.m */,
			);
			name = "IOS ProjectUITests";
			path = "IOS Project/IOS ProjectUITests";
			sourceTree = "<group>";
		};
		93C083501D3E2C260077A81C /* IOS ProjectUITests */ = {
			isa = PBXGroup;
			children = (
				93C083511D3E2C260077A81C /* Info.plist */,
				93C083521D3E2C260077A81C /* IOS Project */,
				93C083551D3E2C260077A81C /* IOS_ProjectUITests.m */,
			);
			path = "IOS ProjectUITests";
			sourceTree = "<group>";
		};
		93C083521D3E2C260077A81C /* IOS Project */ = {
			isa = PBXGroup;
			children = (
				93C083531D3E2C260077A81C /* Info.plist */,
				93C083541D3E2C260077A81C /* main.m */,
			);
			path = "IOS Project";
			sourceTree = "<group>";
		};
/* End PBXGroup section */

/* Begin PBXNativeTarget section */
		93ABC0861D3B884A00FC420F /* IOS Project */ = {
			isa = PBXNativeTarget;
			buildConfigurationList = 93ABC0A91D3B884B00FC420F /* Build configuration list for PBXNativeTarget "IOS Project" */;
			buildPhases = (
				93ABC0831D3B884A00FC420F /* Sources */,
				93ABC0841D3B884A00FC420F /* Frameworks */,
				93ABC0851D3B884A00FC420F /* Resources */,
			);
			buildRules = (
			);
			dependencies = (
			);
			name = "IOS Project";
			productName = "IOS Project";
			productReference = 93ABC0871D3B884A00FC420F /* IOS Project.app */;
			productType = "com.apple.product-type.application";
		};
		93ABC09F1D3B884B00FC420F /* IOS ProjectUITests */ = {
			isa = PBXNativeTarget;
			buildConfigurationList = 93ABC0AC1D3B884B00FC420F /* Build configuration list for PBXNativeTarget "IOS ProjectUITests" */;
			buildPhases = (
				75F3DD23D70D27FF440C61ED /* [CP] Check Pods Manifest.lock */,
				93ABC09C1D3B884B00FC420F /* Sources */,
				93ABC09D1D3B884B00FC420F /* Frameworks */,
				93ABC09E1D3B884B00FC420F /* Resources */,
				275FA488F7E32478D47E56B4 /* [CP] Copy Pods Resources */,
			);
			buildRules = (
			);
			dependencies = (
				93ABC0A21D3B884B00FC420F /* PBXTargetDependency */,
			);
			name = "IOS ProjectUITests";
			productName = "IOS ProjectUITests";
			productReference = 93ABC0A01D3B884B00FC420F /* IOS ProjectUITests.xctest */;
			productType = "com.apple.product-type.bundle.ui-testing";
		};
/* End PBXNativeTarget section */

/* Begin PBXProject section */
		93ABC07F1D3B884A00FC420F /* Project object */ = {
			isa = PBXProject;
			attributes = {
				LastUpgradeCheck = 0720;
				ORGANIZATIONNAME = Andriiev.Mykola;
				TargetAttributes = {
					93ABC0861D3B884A00FC420F = {
						CreatedOnToolsVersion = 7.2.1;
						DevelopmentTeam = 2MQ5R4FSP4;
					};
					93ABC09F1D3B884B00FC420F = {
						CreatedOnToolsVersion = 7.2.1;
						DevelopmentTeam = 2MQ5R4FSP4;
						TestTargetID = 93ABC0861D3B884A00FC420F;
					};
				};
			};
			buildConfigurationList = 93ABC0821D3B884A00FC420F /* Build configuration list for PBXProject "IOS Project" */;
			compatibilityVersion = "Xcode 3.2";
			developmentRegion = English;
			hasScannedForEncodings = 0;
			knownRegions = (
				en,
				Base,
			);
			mainGroup = 93ABC07E1D3B884A00FC420F;
			productRefGroup = 93ABC0881D3B884A00FC420F /* Products */;
			projectDirPath = "";
			projectRoot = "";
			targets = (
				93ABC0861D3B884A00FC420F /* IOS Project */,
				93ABC09F1D3B884B00FC420F /* IOS ProjectUITests */,
			);
		};
/* End PBXProject section */

/* Begin PBXResourcesBuildPhase section */
		93ABC0851D3B884A00FC420F /* Resources */ = {
			isa = PBXResourcesBuildPhase;
			buildActionMask = 2147483647;
			files = (
				93C083381D3BCE080077A81C /* iOS Study Plan.txt in Resources */,
				93C0831B1D3B8C530077A81C /* LaunchScreen.storyboard in Resources */,
				93C083191D3B8C530077A81C /* Assets.xcassets in Resources */,
			);
			runOnlyForDeploymentPostprocessing = 0;
		};
		93ABC09E1D3B884B00FC420F /* Resources */ = {
			isa = PBXResourcesBuildPhase;
			buildActionMask = 2147483647;
			files = (
				93C083391D3BCE080077A81C /* iOS Study Plan.txt in Resources */,
				93C0831C1D3B8C530077A81C /* LaunchScreen.storyboard in Resources */,
				93C083581D3E2C260077A81C /* Info.plist in Resources */,
				93C083341D3B8CEB0077A81C /* Info.plist in Resources */,
				93C083571D3E2C260077A81C /* Info.plist in Resources */,
				93C0831A1D3B8C530077A81C /* Assets.xcassets in Resources */,
				93C083591D3E2C260077A81C /* Info.plist in Resources */,
			);
			runOnlyForDeploymentPostprocessing = 0;
		};
/* End PBXResourcesBuildPhase section */

/* Begin PBXShellScriptBuildPhase section */
		275FA488F7E32478D47E56B4 /* [CP] Copy Pods Resources */ = {
			isa = PBXShellScriptBuildPhase;
			buildActionMask = 2147483647;
			files = (
			);
			inputPaths = (
			);
			name = "[CP] Copy Pods Resources";
			outputPaths = (
			);
			runOnlyForDeploymentPostprocessing = 0;
			shellPath = /bin/sh;
			shellScript = "\"${SRCROOT}/Pods/Target Support Files/Pods-IOS ProjectUITests/Pods-IOS ProjectUITests-resources.sh\"\n";
			showEnvVarsInLog = 0;
		};
		75F3DD23D70D27FF440C61ED /* [CP] Check Pods Manifest.lock */ = {
			isa = PBXShellScriptBuildPhase;
			buildActionMask = 2147483647;
			files = (
			);
			inputPaths = (
			);
			name = "[CP] Check Pods Manifest.lock";
			outputPaths = (
			);
			runOnlyForDeploymentPostprocessing = 0;
			shellPath = /bin/sh;
			shellScript = "diff \"${PODS_ROOT}/../Podfile.lock\" \"${PODS_ROOT}/Manifest.lock\" > /dev/null\nif [[ $? != 0 ]] ; then\n    cat << EOM\nerror: The sandbox is not in sync with the Podfile.lock. Run 'pod install' or update your CocoaPods installation.\nEOM\n    exit 1\nfi\n";
			showEnvVarsInLog = 0;
		};
/* End PBXShellScriptBuildPhase section */

/* Begin PBXSourcesBuildPhase section */
		93ABC0831D3B884A00FC420F /* Sources */ = {
			isa = PBXSourcesBuildPhase;
			buildActionMask = 2147483647;
			files = (
				93C083351D3B8CEB0077A81C /* main.m in Sources */,
				93C0831F1D3B8C530077A81C /* AppDelegate.m in Sources */,
			);
			runOnlyForDeploymentPostprocessing = 0;
		};
		93ABC09C1D3B884B00FC420F /* Sources */ = {
			isa = PBXSourcesBuildPhase;
			buildActionMask = 2147483647;
			files = (
				93C083361D3B8CEB0077A81C /* main.m in Sources */,
				93C0835C1D3E2C260077A81C /* IOS_ProjectUITests.m in Sources */,
				93C0835B1D3E2C260077A81C /* IOS_ProjectUITests.m in Sources */,
				93C0835A1D3E2C260077A81C /* main.m in Sources */,
				93C083201D3B8C530077A81C /* AppDelegate.m in Sources */,
			);
			runOnlyForDeploymentPostprocessing = 0;
		};
/* End PBXSourcesBuildPhase section */

/* Begin PBXTargetDependency section */
		93ABC0A21D3B884B00FC420F /* PBXTargetDependency */ = {
			isa = PBXTargetDependency;
			target = 93ABC0861D3B884A00FC420F /* IOS Project */;
			targetProxy = 93ABC0A11D3B884B00FC420F /* PBXContainerItemProxy */;
		};
/* End PBXTargetDependency section */

/* Begin PBXVariantGroup section */
		93C0830C1D3B8C530077A81C /* LaunchScreen.storyboard */ = {
			isa = PBXVariantGroup;
			children = (
				93C0830D1D3B8C530077A81C /* Base */,
			);
			name = LaunchScreen.storyboard;
			sourceTree = "<group>";
		};
/* End PBXVariantGroup section */

/* Begin XCBuildConfiguration section */
		93ABC0A71D3B884B00FC420F /* Debug */ = {
			isa = XCBuildConfiguration;
			buildSettings = {
				ALWAYS_SEARCH_USER_PATHS = NO;
				CLANG_CXX_LANGUAGE_STANDARD = "gnu++0x";
				CLANG_CXX_LIBRARY = "libc++";
				CLANG_ENABLE_MODULES = YES;
				CLANG_ENABLE_OBJC_ARC = YES;
				CLANG_WARN_BOOL_CONVERSION = YES;
				CLANG_WARN_CONSTANT_CONVERSION = YES;
				CLANG_WARN_DIRECT_OBJC_ISA_USAGE = YES_ERROR;
				CLANG_WARN_EMPTY_BODY = YES;
				CLANG_WARN_ENUM_CONVERSION = YES;
				CLANG_WARN_INT_CONVERSION = YES;
				CLANG_WARN_OBJC_ROOT_CLASS = YES_ERROR;
				CLANG_WARN_UNREACHABLE_CODE = YES;
				CLANG_WARN__DUPLICATE_METHOD_MATCH = YES;
				"CODE_SIGN_IDENTITY[sdk=iphoneos*]" = "iPhone Developer";
				COPY_PHASE_STRIP = NO;
				DEBUG_INFORMATION_FORMAT = dwarf;
				ENABLE_STRICT_OBJC_MSGSEND = YES;
				ENABLE_TESTABILITY = YES;
				GCC_C_LANGUAGE_STANDARD = gnu99;
				GCC_DYNAMIC_NO_PIC = NO;
				GCC_NO_COMMON_BLOCKS = YES;
				GCC_OPTIMIZATION_LEVEL = 0;
				GCC_PREPROCESSOR_DEFINITIONS = (
					"DEBUG=1",
					"$(inherited)",
				);
				GCC_WARN_64_TO_32_BIT_CONVERSION = YES;
				GCC_WARN_ABOUT_RETURN_TYPE = YES_ERROR;
				GCC_WARN_UNDECLARED_SELECTOR = YES;
				GCC_WARN_UNINITIALIZED_AUTOS = YES_AGGRESSIVE;
				GCC_WARN_UNUSED_FUNCTION = YES;
				GCC_WARN_UNUSED_VARIABLE = YES;
				IPHONEOS_DEPLOYMENT_TARGET = 9.2;
				MTL_ENABLE_DEBUG_INFO = YES;
				ONLY_ACTIVE_ARCH = YES;
				SDKROOT = iphoneos;
			};
			name = Debug;
		};
		93ABC0A81D3B884B00FC420F /* Release */ = {
			isa = XCBuildConfiguration;
			buildSettings = {
				ALWAYS_SEARCH_USER_PATHS = NO;
				CLANG_CXX_LANGUAGE_STANDARD = "gnu++0x";
				CLANG_CXX_LIBRARY = "libc++";
				CLANG_ENABLE_MODULES = YES;
				CLANG_ENABLE_OBJC_ARC = YES;
				CLANG_WARN_BOOL_CONVERSION = YES;
				CLANG_WARN_CONSTANT_CONVERSION = YES;
				CLANG_WARN_DIRECT_OBJC_ISA_USAGE = YES_ERROR;
				CLANG_WARN_EMPTY_BODY = YES;
				CLANG_WARN_ENUM_CONVERSION = YES;
				CLANG_WARN_INT_CONVERSION = YES;
				CLANG_WARN_OBJC_ROOT_CLASS = YES_ERROR;
				CLANG_WARN_UNREACHABLE_CODE = YES;
				CLANG_WARN__DUPLICATE_METHOD_MATCH = YES;
				"CODE_SIGN_IDENTITY[sdk=iphoneos*]" = "iPhone Developer";
				COPY_PHASE_STRIP = NO;
				DEBUG_INFORMATION_FORMAT = "dwarf-with-dsym";
				ENABLE_NS_ASSERTIONS = NO;
				ENABLE_STRICT_OBJC_MSGSEND = YES;
				GCC_C_LANGUAGE_STANDARD = gnu99;
				GCC_NO_COMMON_BLOCKS = YES;
				GCC_WARN_64_TO_32_BIT_CONVERSION = YES;
				GCC_WARN_ABOUT_RETURN_TYPE = YES_ERROR;
				GCC_WARN_UNDECLARED_SELECTOR = YES;
				GCC_WARN_UNINITIALIZED_AUTOS = YES_AGGRESSIVE;
				GCC_WARN_UNUSED_FUNCTION = YES;
				GCC_WARN_UNUSED_VARIABLE = YES;
				IPHONEOS_DEPLOYMENT_TARGET = 9.2;
				MTL_ENABLE_DEBUG_INFO = NO;
				SDKROOT = iphoneos;
				VALIDATE_PRODUCT = YES;
			};
			name = Release;
		};
		93ABC0AA1D3B884B00FC420F /* Debug */ = {
			isa = XCBuildConfiguration;
			buildSettings = {
				ASSETCATALOG_COMPILER_APPICON_NAME = AppIcon;
				INFOPLIST_FILE = "IOS Project/Info.plist";
				LD_RUNPATH_SEARCH_PATHS = "$(inherited) @executable_path/Frameworks";
				PRODUCT_BUNDLE_IDENTIFIER = "Andriiev.Mykola.IOS-Project";
				PRODUCT_NAME = "$(TARGET_NAME)";
			};
			name = Debug;
		};
		93ABC0AB1D3B884B00FC420F /* Release */ = {
			isa = XCBuildConfiguration;
			buildSettings = {
				ASSETCATALOG_COMPILER_APPICON_NAME = AppIcon;
				INFOPLIST_FILE = "IOS Project/Info.plist";
				LD_RUNPATH_SEARCH_PATHS = "$(inherited) @executable_path/Frameworks";
				PRODUCT_BUNDLE_IDENTIFIER = "Andriiev.Mykola.IOS-Project";
				PRODUCT_NAME = "$(TARGET_NAME)";
			};
			name = Release;
		};
		93ABC0AD1D3B884B00FC420F /* Debug */ = {
			isa = XCBuildConfiguration;
			baseConfigurationReference = AD0BAE58EE4433313BBE3187 /* Pods-IOS ProjectUITests.debug.xcconfig */;
			buildSettings = {
				INFOPLIST_FILE = "IOS ProjectUITests/Info.plist";
				LD_RUNPATH_SEARCH_PATHS = "$(inherited) @executable_path/Frameworks @loader_path/Frameworks";
				PRODUCT_BUNDLE_IDENTIFIER = "Andriiev.Mykola.IOS-ProjectUITests";
				PRODUCT_NAME = "$(TARGET_NAME)";
				TEST_TARGET_NAME = "IOS Project";
				USES_XCTRUNNER = YES;
			};
			name = Debug;
		};
		93ABC0AE1D3B884B00FC420F /* Release */ = {
			isa = XCBuildConfiguration;
			baseConfigurationReference = 48AC3A1FA5B78FE56F5B9DC5 /* Pods-IOS ProjectUITests.release.xcconfig */;
			buildSettings = {
				INFOPLIST_FILE = "IOS ProjectUITests/Info.plist";
				LD_RUNPATH_SEARCH_PATHS = "$(inherited) @executable_path/Frameworks @loader_path/Frameworks";
				PRODUCT_BUNDLE_IDENTIFIER = "Andriiev.Mykola.IOS-ProjectUITests";
				PRODUCT_NAME = "$(TARGET_NAME)";
				TEST_TARGET_NAME = "IOS Project";
				USES_XCTRUNNER = YES;
			};
			name = Release;
		};
/* End XCBuildConfiguration section */

/* Begin XCConfigurationList section */
		93ABC0821D3B884A00FC420F /* Build configuration list for PBXProject "IOS Project" */ = {
			isa = XCConfigurationList;
			buildConfigurations = (
				93ABC0A71D3B884B00FC420F /* Debug */,
				93ABC0A81D3B884B00FC420F /* Release */,
			);
			defaultConfigurationIsVisible = 0;
			defaultConfigurationName = Release;
		};
		93ABC0A91D3B884B00FC420F /* Build configuration list for PBXNativeTarget "IOS Project" */ = {
			isa = XCConfigurationList;
			buildConfigurations = (
				93ABC0AA1D3B884B00FC420F /* Debug */,
				93ABC0AB1D3B884B00FC420F /* Release */,
			);
			defaultConfigurationIsVisible = 0;
			defaultConfigurationName = Release;
		};
		93ABC0AC1D3B884B00FC420F /* Build configuration list for PBXNativeTarget "IOS ProjectUITests" */ = {
			isa = XCConfigurationList;
			buildConfigurations = (
				93ABC0AD1D3B884B00FC420F /* Debug */,
				93ABC0AE1D3B884B00FC420F /* Release */,
			);
			defaultConfigurationIsVisible = 0;
			defaultConfigurationName = Release;
		};
/* End XCConfigurationList section */
	};
	rootObject = 93ABC07F1D3B884A00FC420F /* Project object */;
}
